{
  "name": "typingtest",
  "lockfileVersion": 2,
  "requires": true,
  "packages": {
    "": {
      "dependencies": {
        "randomquote-api": "^3.5.6"
      }
    },
    "node_modules/randomquote-api": {
      "version": "3.5.6",
      "resolved": "https://registry.npmjs.org/randomquote-api/-/randomquote-api-3.5.6.tgz",
      "integrity": "sha512-dbEX93OAbis/V5k0bYfXFHPTpCKGFfbG7AdFQwuOSLNNtmR8obJDvKEn50G1hxyF3GDRbWOAj8kzPEfDJFrQcA=="
    }
  },
  "dependencies": {
    "randomquote-api": {
      "version": "3.5.6",
      "resolved": "https://registry.npmjs.org/randomquote-api/-/randomquote-api-3.5.6.tgz",
      "integrity": "sha512-dbEX93OAbis/V5k0bYfXFHPTpCKGFfbG7AdFQwuOSLNNtmR8obJDvKEn50G1hxyF3GDRbWOAj8kzPEfDJFrQcA=="
    }
  }
}
